lockfileVersion: '9.0'

settings:
  autoInstallPeers: true
  excludeLinksFromLockfile: false

importers:

  .:
    devDependencies:
      lefthook:
        specifier: 2.1.10
        version: 2.1.10
      oxfmt:
        specifier: 0.59.0
        version: 0.59.0
      oxlint:
        specifier: 1.74.0
        version: 1.74.0
      turbo:
        specifier: ^2.10.5
        version: 2.10.5
      typescript:
        specifier: ^5.7.2
        version: 5.9.3

  apps/web:
    dependencies:
      '@bb/api-client':
        specifier: workspace:*
        version: link:../../packages/api-client
      '@bb/core':
        specifier: workspace:*
        version: link:../../packages/core
      '@bb/design-tokens':
        specifier: workspace:*
        version: link:../../packages/design-tokens
      '@bb/logger':
        specifier: workspace:*
        version: link:../../packages/logger
      '@bb/logic':
        specifier: workspace:*
        version: link:../../packages/logic
    devDependencies:
      typescript:
        specifier: ^5.7.2
        version: 5.9.3

  packages/api-client:
    dependencies:
      '@bb/core':
        specifier: workspace:*
        version: link:../core
      '@bb/logger':
        specifier: workspace:*
        version: link:../logger
      socket.io-client:
        specifier: ^4.8.3
        version: 4.8.3
      zod:
        specifier: ^4.4.3
        version: 4.4.3
    devDependencies:
      typescript:
        specifier: ^5.7.2
        version: 5.9.3

  packages/core:
    dependencies:
      zod:
        specifier: ^4.4.3
        version: 4.4.3
    devDependencies:
      typescript:
        specifier: ^5.7.2
        version: 5.9.3

  packages/design-tokens:
    devDependencies:
      typescript:
        specifier: ^5.7.2
        version: 5.9.3

  packages/logger:
    devDependencies:
      typescript:
        specifier: ^5.7.2
        version: 5.9.3

  packages/logic:
    dependencies:
      '@bb/api-client':
        specifier: workspace:*
        version: link:../api-client
      '@bb/core':
        specifier: workspace:*
        version: link:../core
      '@bb/logger':
        specifier: workspace:*
        version: link:../logger
      '@tanstack/react-query':
        specifier: ^5.101.4
        version: 5.101.4(react@19.2.8)
      zustand:
        specifier: ^5.0.14
        version: 5.0.14(@types/react@19.2.17)(react@19.2.8)
    devDependencies:
      '@types/react':
        specifier: ^19.2.17
        version: 19.2.17
      react:
        specifier: ^19.2.8
        version: 19.2.8
      typescript:
        specifier: ^5.7.2
        version: 5.9.3

packages:

  '@oxfmt/binding-android-arm-eabi@0.59.0':
    resolution: {integrity: sha512-bNTnfbuG7sAwb2PakMNaDukx5kXeW9duXOBeWtTOiLz3fXz3q2DlWguufPZ+c2IHEVrRXHD+M4aUgEWm841LDA==}
    engines: {node: ^20.19.0 || >=22.12.0}
    cpu: [arm]
    os: [android]

  '@oxfmt/binding-android-arm64@0.59.0':
    resolution: {integrity: sha512-R/Sn7z52QtdAKNqQLLY0EK7hVMjXiz3XUlvoCFCm/60jgIzAnQtiqLKBCFaBkimCQL5rs2ezPMcicpjCsrl54Q==}
    engines: {node: ^20.19.0 || >=22.12.0}
    cpu: [arm64]
    os: [android]

  '@oxfmt/binding-darwin-arm64@0.59.0':
    resolution: {integrity: sha512-vm/ynUqE4HjC0ZIEjmXv1UJu1/GngccQ+T+TJudTMxUxm6r+GQTg1TO3E5jJfI71pBaXxSzs1+vWHIwuilGHhw==}
    engines: {node: ^20.19.0 || >=22.12.0}
    cpu: [arm64]
    os: [darwin]

  '@oxfmt/binding-darwin-x64@0.59.0':
    resolution: {integrity: sha512-uTtYDpLN/obfKVWGpgEc8BqYlLZBQTPz2uYEvLRy3HPZxjZ34wiFzukUBU2bf64JuCYZI//GTV1EOMmWlPjf/w==}
    engines: {node: ^20.19.0 || >=22.12.0}
    cpu: [x64]
    os: [darwin]

  '@oxfmt/binding-freebsd-x64@0.59.0':
    resolution: {integrity: sha512-e2UnxL/ifStSPy8ffBCDbdy595SYsGy+U1pur4G65TuMmWxAMBzYGG7atZo/3mp515p8rZdsflxVD/E1FAdPLQ==}
    engines: {node: ^20.19.0 || >=22.12.0}
    cpu: [x64]
    os: [freebsd]

  '@oxfmt/binding-linux-arm-gnueabihf@0.59.0':
    resolution: {integrity: sha512-LtdeZ1l0urxte3VNi3g8cocZwv1xGM1NKHSgF/fJEEVhyQmlgGh7WFWKFd/pNuO7djfvPNtNO1+MS+FEWkgVSA==}
    engines: {node: ^20.19.0 || >=22.12.0}
    cpu: [arm]
    os: [linux]

  '@oxfmt/binding-linux-arm-musleabihf@0.59.0':
    resolution: {integrity: sha512-dBTciSsj9GTMl7p+h2gMSI0hoPn2ijfc/dUsbnWsP0RbwgPl2r0C/5zkMb3Pb+gGj17LH7f1o4qLo9aes/pAvA==}
    engines: {node: ^20.19.0 || >=22.12.0}
    cpu: [arm]
    os: [linux]

  '@oxfmt/binding-linux-arm64-gnu@0.59.0':
    resolution: {integrity: sha512-tXVdJ/JINsNWdponPHN0OuKHtC+HdpyoS9sd6IDPNiiEYsRki8b7tefRZ1iMnRkdbyT4SEbguWsr6o+5awvbPQ==}
    engines: {node: ^20.19.0 || >=22.12.0}
    cpu: [arm64]
    os: [linux]
    libc: [glibc]

  '@oxfmt/binding-linux-arm64-musl@0.59.0':
    resolution: {integrity: sha512-RRTq38i2zT5fnw6XGHjvT6w2mh6x/G3m6AZcAZ56OTDTT/lsOeYnG3SVjwmH40z5kPqF+lf+o35e6m6PpKy9Dw==}
    engines: {node: ^20.19.0 || >=22.12.0}
    cpu: [arm64]
    os: [linux]
    libc: [musl]

  '@oxfmt/binding-linux-ppc64-gnu@0.59.0':
    resolution: {integrity: sha512-lD3k7glAJSaXW0D6xzu8VOZbYbosvy+0ktOVkfLEoQF5HJlMSxTQ2KNW0JO+08ccP/1ElOKktVEMI0fqRbVB4w==}
    engines: {node: ^20.19.0 || >=22.12.0}
    cpu: [ppc64]
    os: [linux]
    libc: [glibc]

  '@oxfmt/binding-linux-riscv64-gnu@0.59.0':
    resolution: {integrity: sha512-WH5ZP1RbuHKBO/yfPRQKpNO/ijHcEDNbnmC4VPf/Bcd3+mbMAZpRiJWRa1PL5bREdIZZHo343mk3sqlc9x7Usw==}
    engines: {node: ^20.19.0 || >=22.12.0}
    cpu: [riscv64]
    os: [linux]
    libc: [glibc]

  '@oxfmt/binding-linux-riscv64-musl@0.59.0':
    resolution: {integrity: sha512-743wOiaI9RZY4QVGkWkfGRavD5ZJUJ6gscFjVrVu1dP8AZh9jM+a6v3NhlR+OIzHdS6DhLM96w+gcVskskz7rw==}
    engines: {node: ^20.19.0 || >=22.12.0}
    cpu: [riscv64]
    os: [linux]
    libc: [musl]

  '@oxfmt/binding-linux-s390x-gnu@0.59.0':
    resolution: {integrity: sha512-xjRXQsRnrRZCcCkIEnbd2lmsQNobtwwkJxdy2bWXhZ1lIN0ouZwsBXRsoovW3yATuziAYwr9HMiQuR/Cc75NIw==}
    engines: {node: ^20.19.0 || >=22.12.0}
    cpu: [s390x]
    os: [linux]
    libc: [glibc]

  '@oxfmt/binding-linux-x64-gnu@0.59.0':
    resolution: {integrity: sha512-4hNjqq/Rbr9B+StY9zMMAfm72+mtM4v80xYL5Qkb59Qd72g2vJMI0iFlPj3kf6miMsie/yJ7rt4urJT292HBgA==}
    engines: {node: ^20.19.0 || >=22.12.0}
    cpu: [x64]
    os: [linux]
    libc: [glibc]

  '@oxfmt/binding-linux-x64-musl@0.59.0':
    resolution: {integrity: sha512-NH579iN8EVQYsWowUB8B5vFchcylJtwPVJ7NmUAqEQHNLfhPbDT3K56KrECNAkUN4QpF4qiMgN2vsfZwVvjm7g==}
    engines: {node: ^20.19.0 || >=22.12.0}
    cpu: [x64]
    os: [linux]
    libc: [musl]

  '@oxfmt/binding-openharmony-arm64@0.59.0':
    resolution: {integrity: sha512-mzZy3Z5Aj1D75Aq9FVlmoRQH5ei8Ga4o/NZmlXkKyeZ5EmPrUXRR7c6BMBteV1ZuZ/356UYDuLRLjAMxTDTiBA==}
    engines: {node: ^20.19.0 || >=22.12.0}
    cpu: [arm64]
    os: [openharmony]

  '@oxfmt/binding-win32-arm64-msvc@0.59.0':
    resolution: {integrity: sha512-0CpDJ1gE3jN1Gk6xms1Ie6LPfPcOtY4FAtoOmVLHQoAf8DvO2wd0DW2dIX2f7YTp5dxrr0ND8JeUEjm3DP3k5g==}
    engines: {node: ^20.19.0 || >=22.12.0}
    cpu: [arm64]
    os: [win32]

  '@oxfmt/binding-win32-ia32-msvc@0.59.0':
    resolution: {integrity: sha512-zwdKBu3pt87uW0bRcywZb0oGMS7C6n87qogwRYFUgmk44T90ZzYlPjtlFYXs/DnBFrgNCvlHwCuWKfVWLeE7kw==}
    engines: {node: ^20.19.0 || >=22.12.0}
    cpu: [ia32]
    os: [win32]

  '@oxfmt/binding-win32-x64-msvc@0.59.0':
    resolution: {integrity: sha512-dUUbZkKgWrmAeI/puzv4bxN8lzcYaFnQVwFTFtwO2Gp8M7lZGSE2qJjC58g518+1bltJ8mizjYwD0BGHym0l/w==}
    engines: {node: ^20.19.0 || >=22.12.0}
    cpu: [x64]
    os: [win32]

  '@oxlint/binding-android-arm-eabi@1.74.0':
    resolution: {integrity: sha512-+gHd12muVI9ZLBaWLPkHt3Fj7jihFjgQ1MGtBaRL8vWrWrI0P7dLUty/cHrHS0oqPYIRgQUJsPu2CExQuMcwNw==}
    engines: {node: ^20.19.0 || >=22.12.0}
    cpu: [arm]
    os: [android]

  '@oxlint/binding-android-arm64@1.74.0':
    resolution: {integrity: sha512-xjKdoMB+H+RCOByv/7l7nfIGW9mlOisqYdcyC75UqYuQecLpReAeEYUf2CNeDEI3KtmUgxpRw/+c63y4AeF/Bw==}
    engines: {node: ^20.19.0 || >=22.12.0}
    cpu: [arm64]
    os: [android]

  '@oxlint/binding-darwin-arm64@1.74.0':
    resolution: {integrity: sha512-iUK7wvc6sejMKsC+Pt67mntoF5weFcyEunhZfLJceU6gL419mexz5wBkSx/EnkFBExMLNtOi9fnDSc5xfK0IzQ==}
    engines: {node: ^20.19.0 || >=22.12.0}
    cpu: [arm64]
    os: [darwin]

  '@oxlint/binding-darwin-x64@1.74.0':
    resolution: {integrity: sha512-ggKc/tn5SJ1u2yG2izC6VKODfYKV8MQ2AicJlNzOjuyrC29udvOef6/JzK2r32xqCnBDLFouR1VCkjzEI0/N9Q==}
    engines: {node: ^20.19.0 || >=22.12.0}
    cpu: [x64]
    os: [darwin]

  '@oxlint/binding-freebsd-x64@1.74.0':
    resolution: {integrity: sha512-u++dH/43jy9hTLbneaWlS0gla/Bp1JdwJ2zgevCl8nDFUh6qRCGMxcL0f0lb7By3A9p/LfFr+7cG4HU1hG856g==}
    engines: {node: ^20.19.0 || >=22.12.0}
    cpu: [x64]
    os: [freebsd]

  '@oxlint/binding-linux-arm-gnueabihf@1.74.0':
    resolution: {integrity: sha512-Sj1zmtFDVTPeIbIz4ZfcXAbFHqCmKCXdCUlAJzvTF7I20NTH1RDpoF2PhkqNODutJzVhJYmm3oz0GwgY+tvE2g==}
    engines: {node: ^20.19.0 || >=22.12.0}
    cpu: [arm]
    os: [linux]

  '@oxlint/binding-linux-arm-musleabihf@1.74.0':
    resolution: {integrity: sha512-//PKyQb/tQXcHArx2f7z+oVI/eMS2Jpv+edNuAtOrgIhWdGcpHxogveAxzmF2rpH1AIHp4Hq04RF/rgJdiICnQ==}
    engines: {node: ^20.19.0 || >=22.12.0}
    cpu: [arm]
    os: [linux]

  '@oxlint/binding-linux-arm64-gnu@1.74.0':
    resolution: {integrity: sha512-/k1Me+aX2tjuH10K62mLS0y8cLkJBHX6Ce0xPK+eWeel4bSdEGZ8dv4+hYMzg0GrSmjwy4yAYsDPeEeKBft/2w==}
    engines: {node: ^20.19.0 || >=22.12.0}
    cpu: [arm64]
    os: [linux]
    libc: [glibc]

  '@oxlint/binding-linux-arm64-musl@1.74.0':
    resolution: {integrity: sha512-3tFSjBxc5D8/zvjEuLvOqcA8ZXKD0+6NuaVO/edeamNc49MoAsbfaC9s1UiwODwgF6slGaF8yJA2TPkukd77tg==}
    engines: {node: ^20.19.0 || >=22.12.0}
    cpu: [arm64]
    os: [linux]
    libc: [musl]

  '@oxlint/binding-linux-ppc64-gnu@1.74.0':
    resolution: {integrity: sha512-9QggtPkSPXOCTu8Szis7auOK/sC7KdQaN+/TujP7YVVhzCAOhgdRfgv8uEz0r2tk5xdgus5rLYUrCDoZNtiRUw==}
    engines: {node: ^20.19.0 || >=22.12.0}
    cpu: [ppc64]
    os: [linux]
    libc: [glibc]

  '@oxlint/binding-linux-riscv64-gnu@1.74.0':
    resolution: {integrity: sha512-VM5VPUJ4DJIWiK+AZn8FScUqMr6OFrCAYybMYjEEi7W13ParI64MByiXTkKMqZpBmvQ9zxl9Ebq2VUOiZRJYUg==}
    engines: {node: ^20.19.0 || >=22.12.0}
    cpu: [riscv64]
    os: [linux]
    libc: [glibc]

  '@oxlint/binding-linux-riscv64-musl@1.74.0':
    resolution: {integrity: sha512-SaDY1gh9rOA592J54g+gu5hkOFFQBZsMmIYHs+NRHG+Uq0OxtuuCXMWQ3vu1830Eugv5uMXyjG+bv2Z9y4IXjw==}
    engines: {node: ^20.19.0 || >=22.12.0}
    cpu: [riscv64]
    os: [linux]
    libc: [musl]

  '@oxlint/binding-linux-s390x-gnu@1.74.0':
    resolution: {integrity: sha512-ZATQeHZCyr6MbDveg0obD5sxLHFOghtOdC5jwVwYlvFWqtFOxctgFEG6Ef/64hYvZrWyhyCckB10AelqLopeDA==}
    engines: {node: ^20.19.0 || >=22.12.0}
    cpu: [s390x]
    os: [linux]
    libc: [glibc]

  '@oxlint/binding-linux-x64-gnu@1.74.0':
    resolution: {integrity: sha512-+aIvJyrdeD7LwCQ2WYLMUWNmnbeDRSPb40aBYtPjD9+PTqUwgJnk+HK5yLfSMeqXrMrDhE9uTmtt2y50tvjhHw==}
    engines: {node: ^20.19.0 || >=22.12.0}
    cpu: [x64]
    os: [linux]
    libc: [glibc]

  '@oxlint/binding-linux-x64-musl@1.74.0':
    resolution: {integrity: sha512-XyktaR8lhK2qWiCK0Tk8oYD+/cgn+oHA6ddRnxSSXUKkkojkV78CmShZUxQF+yrBFs0SuW+JBOPG6hecyc/iZg==}
    engines: {node: ^20.19.0 || >=22.12.0}
    cpu: [x64]
    os: [linux]
    libc: [musl]

  '@oxlint/binding-openharmony-arm64@1.74.0':
    resolution: {integrity: sha512-mzbjrPl4neaVUiJ1fUiEUxTGaSZBoiKtaoB6jmIpz9S+VOA2vDYmJpihQ82w6178V5jxziclTg8Cgj5yF6tTDg==}
    engines: {node: ^20.19.0 || >=22.12.0}
    cpu: [arm64]
    os: [openharmony]

  '@oxlint/binding-win32-arm64-msvc@1.74.0':
    resolution: {integrity: sha512-vUAe9okpS2Oa5+lX67lqHMuNUvfkleRKwrUDJ/WJBsgmddvZ1mrsh2HVmuFDRzqFELhaJhFaCNOuR6a7L3rtIA==}
    engines: {node: ^20.19.0 || >=22.12.0}
    cpu: [arm64]
    os: [win32]

  '@oxlint/binding-win32-ia32-msvc@1.74.0':
    resolution: {integrity: sha512-yyXXJyYYSXL4I8K8jAWjJs+J3fa9gH2JmEbo4f5adm+1tNC9itseicBNuwK7BDHvqQ5J534s+yDULu89vYL2ZQ==}
    engines: {node: ^20.19.0 || >=22.12.0}
    cpu: [ia32]
    os: [win32]

  '@oxlint/binding-win32-x64-msvc@1.74.0':
    resolution: {integrity: sha512-VTC9IYTIMrVUk/i6Ms1ohzzDKZFkWn0KU2OBbPBzgmVZ2V30165T/zK4LztTr0Xgp9fZ1qQZ1rsZAu/rEmySlA==}
    engines: {node: ^20.19.0 || >=22.12.0}
    cpu: [x64]
    os: [win32]

  '@socket.io/component-emitter@3.1.2':
    resolution: {integrity: sha512-9BCxFwvbGg/RsZK9tjXd8s4UcwR0MWeFQ1XEKIQVVvAGJyINdrqKMcTRyLoK8Rse1GjzLV9cwjWV1olXRWEXVA==}

  '@tanstack/query-core@5.101.4':
    resolution: {integrity: sha512-gNwcvOJcRbLWPOLG/2OBm+zM+Yv+MKsXKEOWC57USuZDEsI71hEErQsiEGx5wX9rzWWkfwM0fVSPoiIFSsxfiw==}

  '@tanstack/react-query@5.101.4':
    resolution: {integrity: sha512-yRg2pfOCxIs4ZJW3XYYHU/WgtD04FHSnfHlpRT7h7pR77hwkdRG4wxbKe4aq6P0RvXUTBSQpQeadS1SUYUe+KA==}
    peerDependencies:
      react: ^18 || ^19

  '@turbo/darwin-64@2.10.5':
    resolution: {integrity: sha512-ENvPwy3x5yS7MwNYHeWjqOBXkwIMp39Pd+/zXC6PoiNzF8EIvvLZOZZ+ny6L9x4WgS5vxUii2LM5gM+zjPdnWw==}
    cpu: [x64]
    os: [darwin]

  '@turbo/darwin-arm64@2.10.5':
    resolution: {integrity: sha512-rqROo9zsF/P9RqsdtbLD1nFJicjSrYyvQ9kNJC38AbxA3pAs6VAlATvtvOFx7bqOv6vicf20SP9kF33avJjy2w==}
    cpu: [arm64]
    os: [darwin]

  '@turbo/linux-64@2.10.5':
    resolution: {integrity: sha512-RoSSiNFUxi27zLJuM9F6GyWWjHgLch9t6nwD6K0FkXRirZkTLlzIj6IhFnK8H9++nefLtdFqylE4vGjZAv6AAA==}
    cpu: [x64]
    os: [linux]

  '@turbo/linux-arm64@2.10.5':
    resolution: {integrity: sha512-4ZComcpzmHGmVynQqvvi+iZOSq/tBvY1SltXB8g4NZRsrA01W8E+yRL8RNM+PLoyWsrCnJa8xa+DkWkv+xg4iQ==}
    cpu: [arm64]
    os: [linux]

  '@turbo/windows-64@2.10.5':
    resolution: {integrity: sha512-eL2Iyj4DbMINq1Sr1w0iAi6nAiZOF16KSlRGwCJpVh+IWZeY33MAsLHVOBMj1xoFtncVJXclCVpTPL2nBoYkFg==}
    cpu: [x64]
    os: [win32]

  '@turbo/windows-arm64@2.10.5':
    resolution: {integrity: sha512-sog+wP+8YSJrdWZ/rUJg8xghVTrwoG+BrSlDQpnK5fzSgJHn1INRWXbVWRH0d3vX8dBI01E3yxXRre9Dn+OXQA==}
    cpu: [arm64]
    os: [win32]

  '@types/react@19.2.17':
    resolution: {integrity: sha512-MXfmqaVPEVgkBT/aY0aGCkRWWtByiYQXo3xdQ8r5RzuFrPiRn8Gar2tQdXSUQ2GKV3bkXckek89V8wQBY2Q/Aw==}

  csstype@3.2.3:
    resolution: {integrity: sha512-z1HGKcYy2xA8AGQfwrn0PAy+PB7X/GSj3UVJW9qKyn43xWa+gl5nXmU4qqLMRzWVLFC8KusUX8T/0kCiOYpAIQ==}

  debug@4.4.3:
    resolution: {integrity: sha512-RGwwWnwQvkVfavKVt22FGLw+xYSdzARwm0ru6DhTVA3umU5hZc28V3kO4stgYryrTlLpuvgI9GiijltAjNbcqA==}
    engines: {node: '>=6.0'}
    peerDependencies:
      supports-color: '*'
    peerDependenciesMeta:
      supports-color:
        optional: true

  engine.io-client@6.6.6:
    resolution: {integrity: sha512-iY6QdftLQ9pyiPoX082bpf/u1UewnOaJrtJIF9T0++QB34lZrj0uP+Q/bj8AlUsAxqhnkTV2BS8SBZSxOmoV5Q==}

  engine.io-parser@5.2.3:
    resolution: {integrity: sha512-HqD3yTBfnBxIrbnM1DoD6Pcq8NECnh8d4As1Qgh0z5Gg3jRRIqijury0CL3ghu/edArpUYiYqQiDUQBIs4np3Q==}
    engines: {node: '>=10.0.0'}

  lefthook-darwin-arm64@2.1.10:
    resolution: {integrity: sha512-nw+X8wRNDoUUV6WSteyKBbcLySq+fsmZt5WV/s50ZJpysmsDKJOUMln6SllNfP+60dzUahAO7REco/2633BsLg==}
    cpu: [arm64]
    os: [darwin]

  lefthook-darwin-x64@2.1.10:
    resolution: {integrity: sha512-KQ/bHmvpkFdHMn4pZnUdTf+GuSC+aBBgBTxZT4GW+6cSf+qbErKZBhK7cH6BmILsvx43+VzEArvHYY7YOfRFOQ==}
    cpu: [x64]
    os: [darwin]

  lefthook-freebsd-arm64@2.1.10:
    resolution: {integrity: sha512-8su6DwydP7+pv7kG0zCtjphqsw4ouOnfexRUErapy5GTxYBoUOhYz3RSHTSWNRsK6W4jva7FPUh2Lp5/PSn30w==}
    cpu: [arm64]
    os: [freebsd]

  lefthook-freebsd-x64@2.1.10:
    resolution: {integrity: sha512-GeAJEFxko3Lk+AsnS3NleAFrpyMLFUKOlgJvPKuU0xHwVEI/z+ZoCcmuO0BX+4CS0NLbZhC/YQAvBASqDvvVdQ==}
    cpu: [x64]
    os: [freebsd]

  lefthook-linux-arm64@2.1.10:
    resolution: {integrity: sha512-1sHTCmpTWjVMs+yKPBLRNT1kuuIr1yjietlk7rCB6wFPVOS6Ph3o2zPFH2AvW1UymHlqwyHXzBr9EtDpQ7j1mQ==}
    cpu: [arm64]
    os: [linux]

  lefthook-linux-x64@2.1.10:
    resolution: {integrity: sha512-z/VlRB3bh6mBvW3r1rwnJ5vP8z+Krx5gJzkZ4veDXh+6FlRTx8wtd3g3fllOv/yZMxkgmL3fQoFXv05Esa7vBQ==}
    cpu: [x64]
    os: [linux]

  lefthook-openbsd-arm64@2.1.10:
    resolution: {integrity: sha512-430zL8sSIKw5P0YXGG6PB+eAhHa06n0PXuaERaAQE4Ss3odfqwnl5Mq9hQmkEnOS1EGiQEKkd0UHv/i4PtMNIQ==}
    cpu: [arm64]
    os: [openbsd]

  lefthook-openbsd-x64@2.1.10:
    resolution: {integrity: sha512-bgkO8PphGZVDhQgCJ524aYYPI5491pVmCiLPGjBIo1AvOSlIyw4N1Y+1C3QfqwEmechzw+Aq16SNc8pqv6UuXg==}
    cpu: [x64]
    os: [openbsd]

  lefthook-windows-arm64@2.1.10:
    resolution: {integrity: sha512-5Q6etF0Fla2DDA4ilDySrdNgiR5+W7cJZwnZ69Je3kvWCaWm4wnkuc8FEdjp3kiL2x3ZXipdI00f5vpO8aWmog==}
    cpu: [arm64]
    os: [win32]

  lefthook-windows-x64@2.1.10:
    resolution: {integrity: sha512-c/XH8YZtylG4XaxzqFfXluvq2LXq2W/p54Bnzn3+Z7E5X2Fk3JlFJAibulMbIt2+w8T7UI/r97ok5GqE4kGaeA==}
    cpu: [x64]
    os: [win32]

  lefthook@2.1.10:
    resolution: {integrity: sha512-K7mM4WoqMwqfXYK11EHy+lSH1uW8XHni3Yn/bSqyerPkUPygGdf3xn18JoV5HyA06xuQL3ofGAOjG01QX9oJ4w==}
    hasBin: true

  ms@2.1.3:
    resolution: {integrity: sha512-6FlzubTLZG3J2a/NVCAleEhjzq5oxgHyaCU9yYXvcLsvoVaHJq/s5xXI6/XXP6tz7R9xAOtHnSO/tXtF3WRTlA==}

  oxfmt@0.59.0:
    resolution: {integrity: sha512-Xqk6cPZS1yMvVa7OAuenaDZUsgMDutvvbZ9/L5gSvAfW64+WN4HVhgipLj5rVERbYQt8fLs9TopyZ1rU1XEG/w==}
    engines: {node: ^20.19.0 || >=22.12.0}
    hasBin: true
    peerDependencies:
      svelte: ^5.0.0
      vite-plus: '*'
    peerDependenciesMeta:
      svelte:
        optional: true
      vite-plus:
        optional: true

  oxlint@1.74.0:
    resolution: {integrity: sha512-odGl2s2x5IOJoj3A0v1k0PGBXVFBZeZ2+AK/+K2MJur7Ghi3bkyX5NuLUWHKqa4js1wjep3hJeuTQJOlr+4+dA==}
    engines: {node: ^20.19.0 || >=22.12.0}
    hasBin: true
    peerDependencies:
      oxlint-tsgolint: '>=0.24.0'
      vite-plus: '*'
    peerDependenciesMeta:
      oxlint-tsgolint:
        optional: true
      vite-plus:
        optional: true

  react@19.2.8:
    resolution: {integrity: sha512-PWaYA1L/q9u2u7xYQi+Y3L3Yfnie7XyLeaJICV1MGD6LprsBxcAqGjYyr0eY3p+QdsA+x/Irkt4Qif8D63+Sbw==}
    engines: {node: '>=0.10.0'}

  socket.io-client@4.8.3:
    resolution: {integrity: sha512-uP0bpjWrjQmUt5DTHq9RuoCBdFJF10cdX9X+a368j/Ft0wmaVgxlrjvK3kjvgCODOMMOz9lcaRzxmso0bTWZ/g==}
    engines: {node: '>=10.0.0'}

  socket.io-parser@4.2.7:
    resolution: {integrity: sha512-IH/iSeO9T6gz1KkFleGDWkG9N3dl4jXVYUtMhIqH10Md0ttMer8nUNWiP1DKuNrybD2xBrixLJdCC9J6ECoYkg==}
    engines: {node: '>=10.0.0'}

  tinypool@2.1.0:
    resolution: {integrity: sha512-Pugqs6M0m7Lv1I7FtxN4aoyToKg1C4tu+/381vH35y8oENM/Ai7f7C4StcoK4/+BSw9ebcS8jRiVrORFKCALLw==}
    engines: {node: ^20.0.0 || >=22.0.0}

  turbo@2.10.5:
    resolution: {integrity: sha512-07Y/C7OUp23l4P92PJoYtFNbHjLhftrZH5Ce7dbczS4kX2Re+wtbXvZLoxn/pUtzgsQaRCBaRuZPJp4zmAn0WQ==}
    hasBin: true

  typescript@5.9.3:
    resolution: {integrity: sha512-jl1vZzPDinLr9eUt3J/t7V6FgNEw9QjvBPdysz9KfQDD41fQrC2Y4vKQdiaUpFT4bXlb1RHhLpp8wtm6M5TgSw==}
    engines: {node: '>=14.17'}
    hasBin: true

  ws@8.21.1:
    resolution: {integrity: sha512-+0NTnW77fFN/DjQi6k/Sq/Yvk4Sgajw7urW8V+asjXnRgDs9gyGkdb7EzgfhA4goXsRIZKE28fzIXBHEzhuiWw==}
    engines: {node: '>=10.0.0'}
    peerDependencies:
      bufferutil: ^4.0.1
      utf-8-validate: '>=5.0.2'
    peerDependenciesMeta:
      bufferutil:
        optional: true
      utf-8-validate:
        optional: true

  xmlhttprequest-ssl@2.1.2:
    resolution: {integrity: sha512-TEU+nJVUUnA4CYJFLvK5X9AOeH4KvDvhIfm0vV1GaQRtchnG0hgK5p8hw/xjv8cunWYCsiPCSDzObPyhEwq3KQ==}
    engines: {node: '>=0.4.0'}

  zod@4.4.3:
    resolution: {integrity: sha512-ytENFjIJFl2UwYglde2jchW2Hwm4GJFLDiSXWdTrJQBIN9Fcyp7n4DhxJEiWNAJMV1/BqWfW/kkg71UDcHJyTQ==}

  zustand@5.0.14:
    resolution: {integrity: sha512-/8tAspM5LMPr28b3fwLYrtdj77ECpfZviaP75CMTnwO8ISyaE4GDIG/9rDDYq/cH9D2Xw2A2RXglLInmVBQB/g==}
    engines: {node: '>=12.20.0'}
    peerDependencies:
      '@types/react': '>=18.0.0'
      immer: '>=9.0.6'
      react: '>=18.0.0'
      use-sync-external-store: '>=1.2.0'
    peerDependenciesMeta:
      '@types/react':
        optional: true
      immer:
        optional: true
      react:
        optional: true
      use-sync-external-store:
        optional: true

snapshots:

  '@oxfmt/binding-android-arm-eabi@0.59.0':
    optional: true

  '@oxfmt/binding-android-arm64@0.59.0':
    optional: true

  '@oxfmt/binding-darwin-arm64@0.59.0':
    optional: true

  '@oxfmt/binding-darwin-x64@0.59.0':
    optional: true

  '@oxfmt/binding-freebsd-x64@0.59.0':
    optional: true

  '@oxfmt/binding-linux-arm-gnueabihf@0.59.0':
    optional: true

  '@oxfmt/binding-linux-arm-musleabihf@0.59.0':
    optional: true

  '@oxfmt/binding-linux-arm64-gnu@0.59.0':
    optional: true

  '@oxfmt/binding-linux-arm64-musl@0.59.0':
    optional: true

  '@oxfmt/binding-linux-ppc64-gnu@0.59.0':
    optional: true

  '@oxfmt/binding-linux-riscv64-gnu@0.59.0':
    optional: true

  '@oxfmt/binding-linux-riscv64-musl@0.59.0':
    optional: true

  '@oxfmt/binding-linux-s390x-gnu@0.59.0':
    optional: true

  '@oxfmt/binding-linux-x64-gnu@0.59.0':
    optional: true

  '@oxfmt/binding-linux-x64-musl@0.59.0':
    optional: true

  '@oxfmt/binding-openharmony-arm64@0.59.0':
    optional: true

  '@oxfmt/binding-win32-arm64-msvc@0.59.0':
    optional: true

  '@oxfmt/binding-win32-ia32-msvc@0.59.0':
    optional: true

  '@oxfmt/binding-win32-x64-msvc@0.59.0':
    optional: true

  '@oxlint/binding-android-arm-eabi@1.74.0':
    optional: true

  '@oxlint/binding-android-arm64@1.74.0':
    optional: true

  '@oxlint/binding-darwin-arm64@1.74.0':
    optional: true

  '@oxlint/binding-darwin-x64@1.74.0':
    optional: true

  '@oxlint/binding-freebsd-x64@1.74.0':
    optional: true

  '@oxlint/binding-linux-arm-gnueabihf@1.74.0':
    optional: true

  '@oxlint/binding-linux-arm-musleabihf@1.74.0':
    optional: true

  '@oxlint/binding-linux-arm64-gnu@1.74.0':
    optional: true

  '@oxlint/binding-linux-arm64-musl@1.74.0':
    optional: true

  '@oxlint/binding-linux-ppc64-gnu@1.74.0':
    optional: true

  '@oxlint/binding-linux-riscv64-gnu@1.74.0':
    optional: true

  '@oxlint/binding-linux-riscv64-musl@1.74.0':
    optional: true

  '@oxlint/binding-linux-s390x-gnu@1.74.0':
    optional: true

  '@oxlint/binding-linux-x64-gnu@1.74.0':
    optional: true

  '@oxlint/binding-linux-x64-musl@1.74.0':
    optional: true

  '@oxlint/binding-openharmony-arm64@1.74.0':
    optional: true

  '@oxlint/binding-win32-arm64-msvc@1.74.0':
    optional: true

  '@oxlint/binding-win32-ia32-msvc@1.74.0':
    optional: true

  '@oxlint/binding-win32-x64-msvc@1.74.0':
    optional: true

  '@socket.io/component-emitter@3.1.2': {}

  '@tanstack/query-core@5.101.4': {}

  '@tanstack/react-query@5.101.4(react@19.2.8)':
    dependencies:
      '@tanstack/query-core': 5.101.4
      react: 19.2.8

  '@turbo/darwin-64@2.10.5':
    optional: true

  '@turbo/darwin-arm64@2.10.5':
    optional: true

  '@turbo/linux-64@2.10.5':
    optional: true

  '@turbo/linux-arm64@2.10.5':
    optional: true

  '@turbo/windows-64@2.10.5':
    optional: true

  '@turbo/windows-arm64@2.10.5':
    optional: true

  '@types/react@19.2.17':
    dependencies:
      csstype: 3.2.3

  csstype@3.2.3: {}

  debug@4.4.3:
    dependencies:
      ms: 2.1.3

  engine.io-client@6.6.6:
    dependencies:
      '@socket.io/component-emitter': 3.1.2
      debug: 4.4.3
      engine.io-parser: 5.2.3
      ws: 8.21.1
      xmlhttprequest-ssl: 2.1.2
    transitivePeerDependencies:
      - bufferutil
      - supports-color
      - utf-8-validate

  engine.io-parser@5.2.3: {}

  lefthook-darwin-arm64@2.1.10:
    optional: true

  lefthook-darwin-x64@2.1.10:
    optional: true

  lefthook-freebsd-arm64@2.1.10:
    optional: true

  lefthook-freebsd-x64@2.1.10:
    optional: true

  lefthook-linux-arm64@2.1.10:
    optional: true

  lefthook-linux-x64@2.1.10:
    optional: true

  lefthook-openbsd-arm64@2.1.10:
    optional: true

  lefthook-openbsd-x64@2.1.10:
    optional: true

  lefthook-windows-arm64@2.1.10:
    optional: true

  lefthook-windows-x64@2.1.10:
    optional: true

  lefthook@2.1.10:
    optionalDependencies:
      lefthook-darwin-arm64: 2.1.10
      lefthook-darwin-x64: 2.1.10
      lefthook-freebsd-arm64: 2.1.10
      lefthook-freebsd-x64: 2.1.10
      lefthook-linux-arm64: 2.1.10
      lefthook-linux-x64: 2.1.10
      lefthook-openbsd-arm64: 2.1.10
      lefthook-openbsd-x64: 2.1.10
      lefthook-windows-arm64: 2.1.10
      lefthook-windows-x64: 2.1.10

  ms@2.1.3: {}

  oxfmt@0.59.0:
    dependencies:
      tinypool: 2.1.0
    optionalDependencies:
      '@oxfmt/binding-android-arm-eabi': 0.59.0
      '@oxfmt/binding-android-arm64': 0.59.0
      '@oxfmt/binding-darwin-arm64': 0.59.0
      '@oxfmt/binding-darwin-x64': 0.59.0
      '@oxfmt/binding-freebsd-x64': 0.59.0
      '@oxfmt/binding-linux-arm-gnueabihf': 0.59.0
      '@oxfmt/binding-linux-arm-musleabihf': 0.59.0
      '@oxfmt/binding-linux-arm64-gnu': 0.59.0
      '@oxfmt/binding-linux-arm64-musl': 0.59.0
      '@oxfmt/binding-linux-ppc64-gnu': 0.59.0
      '@oxfmt/binding-linux-riscv64-gnu': 0.59.0
      '@oxfmt/binding-linux-riscv64-musl': 0.59.0
      '@oxfmt/binding-linux-s390x-gnu': 0.59.0
      '@oxfmt/binding-linux-x64-gnu': 0.59.0
      '@oxfmt/binding-linux-x64-musl': 0.59.0
      '@oxfmt/binding-openharmony-arm64': 0.59.0
      '@oxfmt/binding-win32-arm64-msvc': 0.59.0
      '@oxfmt/binding-win32-ia32-msvc': 0.59.0
      '@oxfmt/binding-win32-x64-msvc': 0.59.0

  oxlint@1.74.0:
    optionalDependencies:
      '@oxlint/binding-android-arm-eabi': 1.74.0
      '@oxlint/binding-android-arm64': 1.74.0
      '@oxlint/binding-darwin-arm64': 1.74.0
      '@oxlint/binding-darwin-x64': 1.74.0
      '@oxlint/binding-freebsd-x64': 1.74.0
      '@oxlint/binding-linux-arm-gnueabihf': 1.74.0
      '@oxlint/binding-linux-arm-musleabihf': 1.74.0
      '@oxlint/binding-linux-arm64-gnu': 1.74.0
      '@oxlint/binding-linux-arm64-musl': 1.74.0
      '@oxlint/binding-linux-ppc64-gnu': 1.74.0
      '@oxlint/binding-linux-riscv64-gnu': 1.74.0
      '@oxlint/binding-linux-riscv64-musl': 1.74.0
      '@oxlint/binding-linux-s390x-gnu': 1.74.0
      '@oxlint/binding-linux-x64-gnu': 1.74.0
      '@oxlint/binding-linux-x64-musl': 1.74.0
      '@oxlint/binding-openharmony-arm64': 1.74.0
      '@oxlint/binding-win32-arm64-msvc': 1.74.0
      '@oxlint/binding-win32-ia32-msvc': 1.74.0
      '@oxlint/binding-win32-x64-msvc': 1.74.0

  react@19.2.8: {}

  socket.io-client@4.8.3:
    dependencies:
      '@socket.io/component-emitter': 3.1.2
      debug: 4.4.3
      engine.io-client: 6.6.6
      socket.io-parser: 4.2.7
    transitivePeerDependencies:
      - bufferutil
      - supports-color
      - utf-8-validate

  socket.io-parser@4.2.7:
    dependencies:
      '@socket.io/component-emitter': 3.1.2
      debug: 4.4.3
    transitivePeerDependencies:
      - supports-color

  tinypool@2.1.0: {}

  turbo@2.10.5:
    optionalDependencies:
      '@turbo/darwin-64': 2.10.5
      '@turbo/darwin-arm64': 2.10.5
      '@turbo/linux-64': 2.10.5
      '@turbo/linux-arm64': 2.10.5
      '@turbo/windows-64': 2.10.5
      '@turbo/windows-arm64': 2.10.5

  typescript@5.9.3: {}

  ws@8.21.1: {}

  xmlhttprequest-ssl@2.1.2: {}

  zod@4.4.3: {}

  zustand@5.0.14(@types/react@19.2.17)(react@19.2.8):
    optionalDependencies:
      '@types/react': 19.2.17
      react: 19.2.8
